// !$*UTF8*$!
{
	archiveVersion = 1;
	classes = {
	};
	objectVersion = 56;
	objects = {

/* Begin PBXBuildFile section */
		4D36E7262BA5F2D300187DA7 /* HistoryView.swift in Sources */ = {isa = PBXBuildFile; fileRef = 4D36E7252BA5F2D300187DA7 /* HistoryView.swift */; };
		4D36E7282BA5F2F000187DA7 /* PlayersView.swift in Sources */ = {isa = PBXBuildFile; fileRef = 4D36E7272BA5F2F000187DA7 /* PlayersView.swift */; };
		4D36E72A2BA5F4D700187DA7 /* MainTabView.swift in Sources */ = {isa = PBXBuildFile; fileRef = 4D36E7292BA5F4D700187DA7 /* MainTabView.swift */; };
		4DA6CAD72BA51195001FF89D /* MatchViewScore.swift in Sources */ = {isa = PBXBuildFile; fileRef = 4DA6CAD62BA51195001FF89D /* MatchViewScore.swift */; };
		4DA6CAD92BA52378001FF89D /* MatchViewActions.swift in Sources */ = {isa = PBXBuildFile; fileRef = 4DA6CAD82BA52378001FF89D /* MatchViewActions.swift */; };
		4DC5EAED2B6FD31E0006A83C /* LocalTennisApp.swift in Sources */ = {isa = PBXBuildFile; fileRef = 4DC5EAEC2B6FD31E0006A83C /* LocalTennisApp.swift */; };
		4DC5EAF12B6FD31F0006A83C /* Assets.xcassets in Resources */ = {isa = PBXBuildFile; fileRef = 4DC5EAF02B6FD31F0006A83C /* Assets.xcassets */; };
		4DC5EAF42B6FD31F0006A83C /* Preview Assets.xcassets in Resources */ = {isa = PBXBuildFile; fileRef = 4DC5EAF32B6FD31F0006A83C /* Preview Assets.xcassets */; };
		4DC5EB002B6FD3430006A83C /* Utils.swift in Sources */ = {isa = PBXBuildFile; fileRef = 4DC5EAFB2B6FD3420006A83C /* Utils.swift */; };
		4DC5EB012B6FD3430006A83C /* Player.swift in Sources */ = {isa = PBXBuildFile; fileRef = 4DC5EAFC2B6FD3430006A83C /* Player.swift */; };
		4DC5EB022B6FD3430006A83C /* Match.swift in Sources */ = {isa = PBXBuildFile; fileRef = 4DC5EAFD2B6FD3430006A83C /* Match.swift */; };
		4DC5EB032B6FD3430006A83C /* Set.swift in Sources */ = {isa = PBXBuildFile; fileRef = 4DC5EAFE2B6FD3430006A83C /* Set.swift */; };
		4DC5EB042B6FD3430006A83C /* Game.swift in Sources */ = {isa = PBXBuildFile; fileRef = 4DC5EAFF2B6FD3430006A83C /* Game.swift */; };
		4DC5EB092B6FD37E0006A83C /* MatchView.swift in Sources */ = {isa = PBXBuildFile; fileRef = 4DC5EB082B6FD37E0006A83C /* MatchView.swift */; };
		4DF2D7342B6FD58A005F3FFF /* ContentView.swift in Sources */ = {isa = PBXBuildFile; fileRef = 4DF2D7332B6FD58A005F3FFF /* ContentView.swift */; };
/* End PBXBuildFile section */

/* Begin PBXFileReference section */
		4D36E7252BA5F2D300187DA7 /* HistoryView.swift */ = {isa = PBXFileReference; lastKnownFileType = sourcecode.swift; path = HistoryView.swift; sourceTree = "<group>"; };
		4D36E7272BA5F2F000187DA7 /* PlayersView.swift */ = {isa = PBXFileReference; lastKnownFileType = sourcecode.swift; path = PlayersView.swift; sourceTree = "<group>"; };
		4D36E7292BA5F4D700187DA7 /* MainTabView.swift */ = {isa = PBXFileReference; lastKnownFileType = sourcecode.swift; path = MainTabView.swift; sourceTree = "<group>"; };
		4DA6CAD62BA51195001FF89D /* MatchViewScore.swift */ = {isa = PBXFileReference; lastKnownFileType = sourcecode.swift; path = MatchViewScore.swift; sourceTree = "<group>"; };
		4DA6CAD82BA52378001FF89D /* MatchViewActions.swift */ = {isa = PBXFileReference; lastKnownFileType = sourcecode.swift; path = MatchViewActions.swift; sourceTree = "<group>"; };
		4DC5EAE92B6FD31E0006A83C /* LocalTennis.app */ = {isa = PBXFileReference; explicitFileType = wrapper.application; includeInIndex = 0; path = LocalTennis.app; sourceTree = BUILT_PRODUCTS_DIR; };
		4DC5EAEC2B6FD31E0006A83C /* LocalTennisApp.swift */ = {isa = PBXFileReference; lastKnownFileType = sourcecode.swift; path = LocalTennisApp.swift; sourceTree = "<group>"; };
		4DC5EAF02B6FD31F0006A83C /* Assets.xcassets */ = {isa = PBXFileReference; lastKnownFileType = folder.assetcatalog; path = Assets.xcassets; sourceTree = "<group>"; };
		4DC5EAF32B6FD31F0006A83C /* Preview Assets.xcassets */ = {isa = PBXFileReference; lastKnownFileType = folder.assetcatalog; path = "Preview Assets.xcassets"; sourceTree = "<group>"; };
		4DC5EAFB2B6FD3420006A83C /* Utils.swift */ = {isa = PBXFileReference; fileEncoding = 4; lastKnownFileType = sourcecode.swift; path = Utils.swift; sourceTree = "<group>"; };
		4DC5EAFC2B6FD3430006A83C /* Player.swift */ = {isa = PBXFileReference; fileEncoding = 4; lastKnownFileType = sourcecode.swift; path = Player.swift; sourceTree = "<group>"; };
		4DC5EAFD2B6FD3430006A83C /* Match.swift */ = {isa = PBXFileReference; fileEncoding = 4; lastKnownFileType = sourcecode.swift; path = Match.swift; sourceTree = "<group>"; };
		4DC5EAFE2B6FD3430006A83C /* Set.swift */ = {isa = PBXFileReference; fileEncoding = 4; lastKnownFileType = sourcecode.swift; path = Set.swift; sourceTree = "<group>"; };
		4DC5EAFF2B6FD3430006A83C /* Game.swift */ = {isa = PBXFileReference; fileEncoding = 4; lastKnownFileType = sourcecode.swift; path = Game.swift; sourceTree = "<group>"; };
		4DC5EB082B6FD37E0006A83C /* MatchView.swift */ = {isa = PBXFileReference; fileEncoding = 4; lastKnownFileType = sourcecode.swift; path = MatchView.swift; sourceTree = "<group>"; };
		4DF2D7332B6FD58A005F3FFF /* ContentView.swift */ = {isa = PBXFileReference; fileEncoding = 4; lastKnownFileType = sourcecode.swift; path = ContentView.swift; sourceTree = "<group>"; };
/* End PBXFileReference section */

/* Begin PBXFrameworksBuildPhase section */
		4DC5EAE62B6FD31E0006A83C /* Frameworks */ = {
			isa = PBXFrameworksBuildPhase;
			buildActionMask = 2147483647;
			files = (
			);
			runOnlyForDeploymentPostprocessing = 0;
		};
/* End PBXFrameworksBuildPhase section */

/* Begin PBXGroup section */
		4D36E72C2BA5FED900187DA7 /* MatchView */ = {
			isa = PBXGroup;
			children = (
				4DC5EB082B6FD37E0006A83C /* MatchView.swift */,
				4DA6CAD62BA51195001FF89D /* MatchViewScore.swift */,
				4DA6CAD82BA52378001FF89D /* MatchViewActions.swift */,
			);
			path = MatchView;
			sourceTree = "<group>";
		};
		4D36E72D2BA5FEED00187DA7 /* HistoryView */ = {
			isa = PBXGroup;
			children = (
				4D36E7252BA5F2D300187DA7 /* HistoryView.swift */,
			);
			path = HistoryView;
			sourceTree = "<group>";
		};
		4D36E72E2BA5FF0500187DA7 /* PlayersView */ = {
			isa = PBXGroup;
			children = (
				4D36E7272BA5F2F000187DA7 /* PlayersView.swift */,
			);
			path = PlayersView;
			sourceTree = "<group>";
		};
		4DC5EAE02B6FD31E0006A83C = {
			isa = PBXGroup;
			children = (
				4DC5EAEB2B6FD31E0006A83C /* LocalTennis */,
				4DC5EAEA2B6FD31E0006A83C /* Products */,
			);
			sourceTree = "<group>";
		};
		4DC5EAEA2B6FD31E0006A83C /* Products */ = {
			isa = PBXGroup;
			children = (
				4DC5EAE92B6FD31E0006A83C /* LocalTennis.app */,
			);
			name = Products;
			sourceTree = "<group>";
		};
		4DC5EAEB2B6FD31E0006A83C /* LocalTennis */ = {
			isa = PBXGroup;
			children = (
				4DC5EAFA2B6FD3350006A83C /* Models */,
				4DC5EB072B6FD36D0006A83C /* Views */,
				4DC5EAEC2B6FD31E0006A83C /* LocalTennisApp.swift */,
				4DF2D7332B6FD58A005F3FFF /* ContentView.swift */,
				4DC5EAF02B6FD31F0006A83C /* Assets.xcassets */,
				4DC5EAF22B6FD31F0006A83C /* Preview Content */,
			);
			path = LocalTennis;
			sourceTree = "<group>";
		};
		4DC5EAF22B6FD31F0006A83C /* Preview Content */ = {
			isa = PBXGroup;
			children = (
				4DC5EAF32B6FD31F0006A83C /* Preview Assets.xcassets */,
			);
			path = "Preview Content";
			sourceTree = "<group>";
		};
		4DC5EAFA2B6FD3350006A83C /* Models */ = {
			isa = PBXGroup;
			children = (
				4DC5EAFF2B6FD3430006A83C /* Game.swift */,
				4DC5EAFD2B6FD3430006A83C /* Match.swift */,
				4DC5EAFC2B6FD3430006A83C /* Player.swift */,
				4DC5EAFE2B6FD3430006A83C /* Set.swift */,
				4DC5EAFB2B6FD3420006A83C /* Utils.swift */,
			);
			path = Models;
			sourceTree = "<group>";
		};
		4DC5EB072B6FD36D0006A83C /* Views */ = {
			isa = PBXGroup;
			children = (
				4D36E72C2BA5FED900187DA7 /* MatchView */,
				4D36E72D2BA5FEED00187DA7 /* HistoryView */,
				4D36E72E2BA5FF0500187DA7 /* PlayersView */,
				4D36E7292BA5F4D700187DA7 /* MainTabView.swift */,
			);
			path = Views;
			sourceTree = "<group>";
		};
/* End PBXGroup section */

/* Begin PBXNativeTarget section */
		4DC5EAE82B6FD31E0006A83C /* LocalTennis */ = {
			isa = PBXNativeTarget;
			buildConfigurationList = 4DC5EAF72B6FD31F0006A83C /* Build configuration list for PBXNativeTarget "LocalTennis" */;
			buildPhases = (
				4DC5EAE52B6FD31E0006A83C /* Sources */,
				4DC5EAE62B6FD31E0006A83C /* Frameworks */,
				4DC5EAE72B6FD31E0006A83C /* Resources */,
			);
			buildRules = (
			);
			dependencies = (
			);
			name = LocalTennis;
			productName = LocalTennis;
			productReference = 4DC5EAE92B6FD31E0006A83C /* LocalTennis.app */;
			productType = "com.apple.product-type.application";
		};
/* End PBXNativeTarget section */

/* Begin PBXProject section */
		4DC5EAE12B6FD31E0006A83C /* Project object */ = {
			isa = PBXProject;
			attributes = {
				BuildIndependentTargetsInParallel = 1;
				LastSwiftUpdateCheck = 1500;
				LastUpgradeCheck = 1500;
				TargetAttributes = {
					4DC5EAE82B6FD31E0006A83C = {
						CreatedOnToolsVersion = 15.0;
					};
				};
			};
			buildConfigurationList = 4DC5EAE42B6FD31E0006A83C /* Build configuration list for PBXProject "LocalTennis" */;
			compatibilityVersion = "Xcode 14.0";
			developmentRegion = en;
			hasScannedForEncodings = 0;
			knownRegions = (
				en,
				Base,
			);
			mainGroup = 4DC5EAE02B6FD31E0006A83C;
			productRefGroup = 4DC5EAEA2B6FD31E0006A83C /* Products */;
			projectDirPath = "";
			projectRoot = "";
			targets = (
				4DC5EAE82B6FD31E0006A83C /* LocalTennis */,
			);
		};
/* End PBXProject section */

/* Begin PBXResourcesBuildPhase section */
		4DC5EAE72B6FD31E0006A83C /* Resources */ = {
			isa = PBXResourcesBuildPhase;
			buildActionMask = 2147483647;
			files = (
				4DC5EAF42B6FD31F0006A83C /* Preview Assets.xcassets in Resources */,
				4DC5EAF12B6FD31F0006A83C /* Assets.xcassets in Resources */,
			);
			runOnlyForDeploymentPostprocessing = 0;
		};
/* End PBXResourcesBuildPhase section */

/* Begin PBXSourcesBuildPhase section */
		4DC5EAE52B6FD31E0006A83C /* Sources */ = {
			isa = PBXSourcesBuildPhase;
			buildActionMask = 2147483647;
			files = (
				4DC5EB012B6FD3430006A83C /* Player.swift in Sources */,
				4DC5EB042B6FD3430006A83C /* Game.swift in Sources */,
				4DA6CAD92BA52378001FF89D /* MatchViewActions.swift in Sources */,
				4DC5EB032B6FD3430006A83C /* Set.swift in Sources */,
				4DC5EAED2B6FD31E0006A83C /* LocalTennisApp.swift in Sources */,
				4D36E7262BA5F2D300187DA7 /* HistoryView.swift in Sources */,
				4DF2D7342B6FD58A005F3FFF /* ContentView.swift in Sources */,
				4D36E72A2BA5F4D700187DA7 /* MainTabView.swift in Sources */,
				4DC5EB022B6FD3430006A83C /* Match.swift in Sources */,
				4DC5EB092B6FD37E0006A83C /* MatchView.swift in Sources */,
				4DC5EB002B6FD3430006A83C /* Utils.swift in Sources */,
				4DA6CAD72BA51195001FF89D /* MatchViewScore.swift in Sources */,
				4D36E7282BA5F2F000187DA7 /* PlayersView.swift in Sources */,
			);
			runOnlyForDeploymentPostprocessing = 0;
		};
/* End PBXSourcesBuildPhase section */

/* Begin XCBuildConfiguration section */
		4DC5EAF52B6FD31F0006A83C /* Debug */ = {
			isa = XCBuildConfiguration;
			buildSettings = {
				ALWAYS_SEARCH_USER_PATHS = NO;
				ASSETCATALOG_COMPILER_GENERATE_SWIFT_ASSET_SYMBOL_EXTENSIONS = YES;
				CLANG_ANALYZER_NONNULL = YES;
				CLANG_ANALYZER_NUMBER_OBJECT_CONVERSION = YES_AGGRESSIVE;
				CLANG_CXX_LANGUAGE_STANDARD = "gnu++20";
				CLANG_ENABLE_MODULES = YES;
				CLANG_ENABLE_OBJC_ARC = YES;
				CLANG_ENABLE_OBJC_WEAK = YES;
				CLANG_WARN_BLOCK_CAPTURE_AUTORELEASING = YES;
				CLANG_WARN_BOOL_CONVERSION = YES;
				CLANG_WARN_COMMA = YES;
				CLANG_WARN_CONSTANT_CONVERSION = YES;
				CLANG_WARN_DEPRECATED_OBJC_IMPLEMENTATIONS = YES;
				CLANG_WARN_DIRECT_OBJC_ISA_USAGE = YES_ERROR;
				CLANG_WARN_DOCUMENTATION_COMMENTS = YES;
				CLANG_WARN_EMPTY_BODY = YES;
				CLANG_WARN_ENUM_CONVERSION = YES;
				CLANG_WARN_INFINITE_RECURSION = YES;
				CLANG_WARN_INT_CONVERSION = YES;
				CLANG_WARN_NON_LITERAL_NULL_CONVERSION = YES;
				CLANG_WARN_OBJC_IMPLICIT_RETAIN_SELF = YES;
				CLANG_WARN_OBJC_LITERAL_CONVERSION = YES;
				CLANG_WARN_OBJC_ROOT_CLASS = YES_ERROR;
				CLANG_WARN_QUOTED_INCLUDE_IN_FRAMEWORK_HEADER = YES;
				CLANG_WARN_RANGE_LOOP_ANALYSIS = YES;
				CLANG_WARN_STRICT_PROTOTYPES = YES;
				CLANG_WARN_SUSPICIOUS_MOVE = YES;
				CLANG_WARN_UNGUARDED_AVAILABILITY = YES_AGGRESSIVE;
				CLANG_WARN_UNREACHABLE_CODE = YES;
				CLANG_WARN__DUPLICATE_METHOD_MATCH = YES;
				COPY_PHASE_STRIP = NO;
				DEBUG_INFORMATION_FORMAT = dwarf;
				ENABLE_STRICT_OBJC_MSGSEND = YES;
				ENABLE_TESTABILITY = YES;
				ENABLE_USER_SCRIPT_SANDBOXING = YES;
				GCC_C_LANGUAGE_STANDARD = gnu17;
				GCC_DYNAMIC_NO_PIC = NO;
				GCC_NO_COMMON_BLOCKS = YES;
				GCC_OPTIMIZATION_LEVEL = 0;
				GCC_PREPROCESSOR_DEFINITIONS = (
					"DEBUG=1",
					"$(inherited)",
				);
				GCC_WARN_64_TO_32_BIT_CONVERSION = YES;
				GCC_WARN_ABOUT_RETURN_TYPE = YES_ERROR;
				GCC_WARN_UNDECLARED_SELECTOR = YES;
				GCC_WARN_UNINITIALIZED_AUTOS = YES_AGGRESSIVE;
				GCC_WARN_UNUSED_FUNCTION = YES;
				GCC_WARN_UNUSED_VARIABLE = YES;
				IPHONEOS_DEPLOYMENT_TARGET = 17.0;
				LOCALIZATION_PREFERS_STRING_CATALOGS = YES;
				MTL_ENABLE_DEBUG_INFO = INCLUDE_SOURCE;
				MTL_FAST_MATH = YES;
				ONLY_ACTIVE_ARCH = YES;
				SDKROOT = iphoneos;
				SWIFT_ACTIVE_COMPILATION_CONDITIONS = "DEBUG $(inherited)";
				SWIFT_OPTIMIZATION_LEVEL = "-Onone";
			};
			name = Debug;
		};
		4DC5EAF62B6FD31F0006A83C /* Release */ = {
			isa = XCBuildConfiguration;
			buildSettings = {
				ALWAYS_SEARCH_USER_PATHS = NO;
				ASSETCATALOG_COMPILER_GENERATE_SWIFT_ASSET_SYMBOL_EXTENSIONS = YES;
				CLANG_ANALYZER_NONNULL = YES;
				CLANG_ANALYZER_NUMBER_OBJECT_CONVERSION = YES_AGGRESSIVE;
				CLANG_CXX_LANGUAGE_STANDARD = "gnu++20";
				CLANG_ENABLE_MODULES = YES;
				CLANG_ENABLE_OBJC_ARC = YES;
				CLANG_ENABLE_OBJC_WEAK = YES;
				CLANG_WARN_BLOCK_CAPTURE_AUTORELEASING = YES;
				CLANG_WARN_BOOL_CONVERSION = YES;
				CLANG_WARN_COMMA = YES;
				CLANG_WARN_CONSTANT_CONVERSION = YES;
				CLANG_WARN_DEPRECATED_OBJC_IMPLEMENTATIONS = YES;
				CLANG_WARN_DIRECT_OBJC_ISA_USAGE = YES_ERROR;
				CLANG_WARN_DOCUMENTATION_COMMENTS = YES;
				CLANG_WARN_EMPTY_BODY = YES;
				CLANG_WARN_ENUM_CONVERSION = YES;
				CLANG_WARN_INFINITE_RECURSION = YES;
				CLANG_WARN_INT_CONVERSION = YES;
				CLANG_WARN_NON_LITERAL_NULL_CONVERSION = YES;
				CLANG_WARN_OBJC_IMPLICIT_RETAIN_SELF = YES;
				CLANG_WARN_OBJC_LITERAL_CONVERSION = YES;
				CLANG_WARN_OBJC_ROOT_CLASS = YES_ERROR;
				CLANG_WARN_QUOTED_INCLUDE_IN_FRAMEWORK_HEADER = YES;
				CLANG_WARN_RANGE_LOOP_ANALYSIS = YES;
				CLANG_WARN_STRICT_PROTOTYPES = YES;
				CLANG_WARN_SUSPICIOUS_MOVE = YES;
				CLANG_WARN_UNGUARDED_AVAILABILITY = YES_AGGRESSIVE;
				CLANG_WARN_UNREACHABLE_CODE = YES;
				CLANG_WARN__DUPLICATE_METHOD_MATCH = YES;
				COPY_PHASE_STRIP = NO;
				DEBUG_INFORMATION_FORMAT = "dwarf-with-dsym";
				ENABLE_NS_ASSERTIONS = NO;
				ENABLE_STRICT_OBJC_MSGSEND = YES;
				ENABLE_USER_SCRIPT_SANDBOXING = YES;
				GCC_C_LANGUAGE_STANDARD = gnu17;
				GCC_NO_COMMON_BLOCKS = YES;
				GCC_WARN_64_TO_32_BIT_CONVERSION = YES;
				GCC_WARN_ABOUT_RETURN_TYPE = YES_ERROR;
				GCC_WARN_UNDECLARED_SELECTOR = YES;
				GCC_WARN_UNINITIALIZED_AUTOS = YES_AGGRESSIVE;
				GCC_WARN_UNUSED_FUNCTION = YES;
				GCC_WARN_UNUSED_VARIABLE = YES;
				IPHONEOS_DEPLOYMENT_TARGET = 17.0;
				LOCALIZATION_PREFERS_STRING_CATALOGS = YES;
				MTL_ENABLE_DEBUG_INFO = NO;
				MTL_FAST_MATH = YES;
				SDKROOT = iphoneos;
				SWIFT_COMPILATION_MODE = wholemodule;
				VALIDATE_PRODUCT = YES;
			};
			name = Release;
		};
		4DC5EAF82B6FD31F0006A83C /* Debug */ = {
			isa = XCBuildConfiguration;
			buildSettings = {
				ASSETCATALOG_COMPILER_APPICON_NAME = AppIcon;
				ASSETCATALOG_COMPILER_GLOBAL_ACCENT_COLOR_NAME = AccentColor;
				CODE_SIGN_STYLE = Automatic;
				CURRENT_PROJECT_VERSION = 1;
				DEVELOPMENT_ASSET_PATHS = "\"LocalTennis/Preview Content\"";
				DEVELOPMENT_TEAM = RQLRTG48A3;
				ENABLE_PREVIEWS = YES;
				GENERATE_INFOPLIST_FILE = YES;
				INFOPLIST_KEY_UIApplicationSceneManifest_Generation = YES;
				INFOPLIST_KEY_UIApplicationSupportsIndirectInputEvents = YES;
				INFOPLIST_KEY_UILaunchScreen_Generation = YES;
				INFOPLIST_KEY_UISupportedInterfaceOrientations_iPad = "UIInterfaceOrientationPortrait UIInterfaceOrientationPortraitUpsideDown UIInterfaceOrientationLandscapeLeft UIInterfaceOrientationLandscapeRight";
				INFOPLIST_KEY_UISupportedInterfaceOrientations_iPhone = "UIInterfaceOrientationPortrait UIInterfaceOrientationLandscapeLeft UIInterfaceOrientationLandscapeRight";
				LD_RUNPATH_SEARCH_PATHS = (
					"$(inherited)",
					"@executable_path/Frameworks",
				);
				MARKETING_VERSION = 1.0;
				PRODUCT_BUNDLE_IDENTIFIER = com.rialonso.LocalTennis;
				PRODUCT_NAME = "$(TARGET_NAME)";
				SWIFT_EMIT_LOC_STRINGS = YES;
				SWIFT_VERSION = 5.0;
				TARGETED_DEVICE_FAMILY = "1,2";
			};
			name = Debug;
		};
		4DC5EAF92B6FD31F0006A83C /* Release */ = {
			isa = XCBuildConfiguration;
			buildSettings = {
				ASSETCATALOG_COMPILER_APPICON_NAME = AppIcon;
				ASSETCATALOG_COMPILER_GLOBAL_ACCENT_COLOR_NAME = AccentColor;
				CODE_SIGN_STYLE = Automatic;
				CURRENT_PROJECT_VERSION = 1;
				DEVELOPMENT_ASSET_PATHS = "\"LocalTennis/Preview Content\"";
				DEVELOPMENT_TEAM = RQLRTG48A3;
				ENABLE_PREVIEWS = YES;
				GENERATE_INFOPLIST_FILE = YES;
				INFOPLIST_KEY_UIApplicationSceneManifest_Generation = YES;
				INFOPLIST_KEY_UIApplicationSupportsIndirectInputEvents = YES;
				INFOPLIST_KEY_UILaunchScreen_Generation = YES;
				INFOPLIST_KEY_UISupportedInterfaceOrientations_iPad = "UIInterfaceOrientationPortrait UIInterfaceOrientationPortraitUpsideDown UIInterfaceOrientationLandscapeLeft UIInterfaceOrientationLandscapeRight";
				INFOPLIST_KEY_UISupportedInterfaceOrientations_iPhone = "UIInterfaceOrientationPortrait UIInterfaceOrientationLandscapeLeft UIInterfaceOrientationLandscapeRight";
				LD_RUNPATH_SEARCH_PATHS = (
					"$(inherited)",
					"@executable_path/Frameworks",
				);
				MARKETING_VERSION = 1.0;
				PRODUCT_BUNDLE_IDENTIFIER = com.rialonso.LocalTennis;
				PRODUCT_NAME = "$(TARGET_NAME)";
				SWIFT_EMIT_LOC_STRINGS = YES;
				SWIFT_VERSION = 5.0;
				TARGETED_DEVICE_FAMILY = "1,2";
			};
			name = Release;
		};
/* End XCBuildConfiguration section */

/* Begin XCConfigurationList section */
		4DC5EAE42B6FD31E0006A83C /* Build configuration list for PBXProject "LocalTennis" */ = {
			isa = XCConfigurationList;
			buildConfigurations = (
				4DC5EAF52B6FD31F0006A83C /* Debug */,
				4DC5EAF62B6FD31F0006A83C /* Release */,
			);
			defaultConfigurationIsVisible = 0;
			defaultConfigurationName = Release;
		};
		4DC5EAF72B6FD31F0006A83C /* Build configuration list for PBXNativeTarget "LocalTennis" */ = {
			isa = XCConfigurationList;
			buildConfigurations = (
				4DC5EAF82B6FD31F0006A83C /* Debug */,
				4DC5EAF92B6FD31F0006A83C /* Release */,
			);
			defaultConfigurationIsVisible = 0;
			defaultConfigurationName = Release;
		};
/* End XCConfigurationList section */
	};
	rootObject = 4DC5EAE12B6FD31E0006A83C /* Project object */;
}
